
Microsoft Visual Studio Solution File, Format Version 12.00
# Visual Studio Version 17
VisualStudioVersion = 17.13.35919.96 d17.13
MinimumVisualStudioVersion = 10.0.40219.1
Project("{FAE04EC0-301F-11D3-BF4B-00C04F79EFBC}") = "DelegatesAssessmentProject", "DelegatesAssessmentProject\DelegatesAssessmentProject.csproj", "{9FFED462-A44D-4E92-BE93-4BAFC6AAF3F8}"
EndProject
Global
	GlobalSection(SolutionConfigurationPlatforms) = preSolution
		Debug|Any CPU = Debug|Any CPU
		Release|Any CPU = Release|Any CPU
	EndGlobalSection
	GlobalSection(ProjectConfigurationPlatforms) = postSolution
		{9FFED462-A44D-4E92-BE93-4BAFC6AAF3F8}.Debug|Any CPU.ActiveCfg = Debug|Any CPU
		{9FFED462-A44D-4E92-BE93-4BAFC6AAF3F8}.Debug|Any CPU.Build.0 = Debug|Any CPU
		{9FFED462-A44D-4E92-BE93-4BAFC6AAF3F8}.Release|Any CPU.ActiveCfg = Release|Any CPU
		{9FFED462-A44D-4E92-BE93-4BAFC6AAF3F8}.Release|Any CPU.Build.0 = Release|Any CPU
	EndGlobalSection
	GlobalSection(SolutionProperties) = preSolution
		HideSolutionNode = FALSE
	EndGlobalSection
	GlobalSection(ExtensibilityGlobals) = postSolution
		SolutionGuid = {BF8AB8C9-17F5-4A65-9B5F-34B88C23C547}
	EndGlobalSection
EndGlobal
