
Microsoft Visual Studio Solution File, Format Version 12.00
# Visual Studio Version 17
VisualStudioVersion = 17.13.35919.96 d17.13
MinimumVisualStudioVersion = 10.0.40219.1
Project("{FAE04EC0-301F-11D3-BF4B-00C04F79EFBC}") = "GenericsAssessmentProject", "GenericsAssessmentProject\GenericsAssessmentProject.csproj", "{B412B7FF-2A76-4A8C-A662-C9D70DEDE26D}"
EndProject
Global
	GlobalSection(SolutionConfigurationPlatforms) = preSolution
		Debug|Any CPU = Debug|Any CPU
		Release|Any CPU = Release|Any CPU
	EndGlobalSection
	GlobalSection(ProjectConfigurationPlatforms) = postSolution
		{B412B7FF-2A76-4A8C-A662-C9D70DEDE26D}.Debug|Any CPU.ActiveCfg = Debug|Any CPU
		{B412B7FF-2A76-4A8C-A662-C9D70DEDE26D}.Debug|Any CPU.Build.0 = Debug|Any CPU
		{B412B7FF-2A76-4A8C-A662-C9D70DEDE26D}.Release|Any CPU.ActiveCfg = Release|Any CPU
		{B412B7FF-2A76-4A8C-A662-C9D70DEDE26D}.Release|Any CPU.Build.0 = Release|Any CPU
	EndGlobalSection
	GlobalSection(SolutionProperties) = preSolution
		HideSolutionNode = FALSE
	EndGlobalSection
	GlobalSection(ExtensibilityGlobals) = postSolution
		SolutionGuid = {7F067E18-9DC7-45FA-BD44-8E2DFEAA0449}
	EndGlobalSection
EndGlobal
